// !$*UTF8*$!
{
	archiveVersion = 1;
	classes = {
	};
	objectVersion = 56;
	objects = {

/* Begin PBXBuildFile section */
		1B28A79DB26C7026E5FD14EA /* Pods_GenieVoyage_GenieVoyageUITests.framework in Frameworks */ = {isa = PBXBuildFile; fileRef = B04908D54247C8A3BBBE049A /* Pods_GenieVoyage_GenieVoyageUITests.framework */; };
		D0010B2C2B12A24200BAEC46 /* Extension.swift in Sources */ = {isa = PBXBuildFile; fileRef = D0010B2B2B12A24200BAEC46 /* Extension.swift */; };
		D023B2F42E3584FB009B382C /* TemplateCell.swift in Sources */ = {isa = PBXBuildFile; fileRef = D023B2F32E3584FB009B382C /* TemplateCell.swift */; };
		D023B2F62E358530009B382C /* MyTripCell.swift in Sources */ = {isa = PBXBuildFile; fileRef = D023B2F52E358530009B382C /* MyTripCell.swift */; };
		D023B2F82E35858C009B382C /* HeaderView.swift in Sources */ = {isa = PBXBuildFile; fileRef = D023B2F72E35858C009B382C /* HeaderView.swift */; };
		D023B2FA2E3585BF009B382C /* TripTemplate.swift in Sources */ = {isa = PBXBuildFile; fileRef = D023B2F92E3585BF009B382C /* TripTemplate.swift */; };
		D023B3092E3FD422009B382C /* CoreDataManager.swift in Sources */ = {isa = PBXBuildFile; fileRef = D023B3082E3FD422009B382C /* CoreDataManager.swift */; };
		D023B30B2E3FFD38009B382C /* TripStorage.swift in Sources */ = {isa = PBXBuildFile; fileRef = D023B30A2E3FFD38009B382C /* TripStorage.swift */; };
		D023B30D2E3FFD63009B382C /* CoreDataTripStorage.swift in Sources */ = {isa = PBXBuildFile; fileRef = D023B30C2E3FFD63009B382C /* CoreDataTripStorage.swift */; };
		D023B30F2E414FBE009B382C /* TripDate.swift in Sources */ = {isa = PBXBuildFile; fileRef = D023B30E2E414FBE009B382C /* TripDate.swift */; };
		D023B3112E415854009B382C /* TripListViewModel.swift in Sources */ = {isa = PBXBuildFile; fileRef = D023B3102E415854009B382C /* TripListViewModel.swift */; };
		D026365C2D84ADBB0070D28C /* SegmentedControlView.swift in Sources */ = {isa = PBXBuildFile; fileRef = D026365B2D84ADBB0070D28C /* SegmentedControlView.swift */; };
		D026365E2D84AE0D0070D28C /* SegmentCell.swift in Sources */ = {isa = PBXBuildFile; fileRef = D026365D2D84AE0D0070D28C /* SegmentCell.swift */; };
		D0365DF12CFA6BEA00D711A9 /* TripModel.swift in Sources */ = {isa = PBXBuildFile; fileRef = D0365DF02CFA6BE700D711A9 /* TripModel.swift */; };
		D0365DF92CFDC76F00D711A9 /* CalculateDistance.swift in Sources */ = {isa = PBXBuildFile; fileRef = D0365DF82CFDC76F00D711A9 /* CalculateDistance.swift */; };
		D03D08652D0730CE009F8E63 /* PlanDayDetailViewController.swift in Sources */ = {isa = PBXBuildFile; fileRef = D03D08642D0730CE009F8E63 /* PlanDayDetailViewController.swift */; };
		D03D08672D074316009F8E63 /* ItineraryCell.swift in Sources */ = {isa = PBXBuildFile; fileRef = D03D08662D074316009F8E63 /* ItineraryCell.swift */; };
		D03D08692D08544D009F8E63 /* EventViewController.swift in Sources */ = {isa = PBXBuildFile; fileRef = D03D08682D08544D009F8E63 /* EventViewController.swift */; };
		D03D086B2D08C14F009F8E63 /* MapLocationViewController.swift in Sources */ = {isa = PBXBuildFile; fileRef = D03D086A2D08C14F009F8E63 /* MapLocationViewController.swift */; };
		D043B43D2CFF6DDE00151ED0 /* TripViewController.swift in Sources */ = {isa = PBXBuildFile; fileRef = D043B43C2CFF6DDE00151ED0 /* TripViewController.swift */; };
		D04945B32D3A451B00232F26 /* EventCollectionViewCell.swift in Sources */ = {isa = PBXBuildFile; fileRef = D04945B22D3A451B00232F26 /* EventCollectionViewCell.swift */; };
		D04945B52D3A46FA00232F26 /* EventModel.swift in Sources */ = {isa = PBXBuildFile; fileRef = D04945B42D3A46FA00232F26 /* EventModel.swift */; };
		D04945B92D3EB26900232F26 /* TripViewModel.swift in Sources */ = {isa = PBXBuildFile; fileRef = D04945B82D3EB26900232F26 /* TripViewModel.swift */; };
		D05D92E62D4B8CB10022C734 /* DayCollectionViewCell.swift in Sources */ = {isa = PBXBuildFile; fileRef = D05D92E52D4B8CB10022C734 /* DayCollectionViewCell.swift */; };
		D0605DF82D3FF24C00465BD2 /* Pods_GenieVoyage.framework in Frameworks */ = {isa = PBXBuildFile; fileRef = 071C3747FA4F0ADB75D5CC99 /* Pods_GenieVoyage.framework */; };
		D0605DF92D3FF24C00465BD2 /* Pods_GenieVoyage.framework in Embed Frameworks */ = {isa = PBXBuildFile; fileRef = 071C3747FA4F0ADB75D5CC99 /* Pods_GenieVoyage.framework */; settings = {ATTRIBUTES = (CodeSignOnCopy, RemoveHeadersOnCopy, ); }; };
		D06C7F1B2DB26C2600402EA0 /* DayCellDelegate.swift in Sources */ = {isa = PBXBuildFile; fileRef = D06C7F1A2DB26C1B00402EA0 /* DayCellDelegate.swift */; };
		D06C7F1E2DBAC2E500402EA0 /* MainTabBarController.swift in Sources */ = {isa = PBXBuildFile; fileRef = D06C7F1D2DBAC2D700402EA0 /* MainTabBarController.swift */; };
		D06C7F202DBAC3CD00402EA0 /* SignInViewController.swift in Sources */ = {isa = PBXBuildFile; fileRef = D06C7F1F2DBAC3CD00402EA0 /* SignInViewController.swift */; };
		D06C7F222DBC19CC00402EA0 /* CustomTabBar.swift in Sources */ = {isa = PBXBuildFile; fileRef = D06C7F212DBC19CC00402EA0 /* CustomTabBar.swift */; };
		D06C7F242DBC1E4100402EA0 /* CheckListViewController.swift in Sources */ = {isa = PBXBuildFile; fileRef = D06C7F232DBC1E4100402EA0 /* CheckListViewController.swift */; };
		D06C7F262DBCF32D00402EA0 /* PointViewController.swift in Sources */ = {isa = PBXBuildFile; fileRef = D06C7F252DBCF32D00402EA0 /* PointViewController.swift */; };
		D06C7F2A2DE24BA600402EA0 /* EventView.swift in Sources */ = {isa = PBXBuildFile; fileRef = D06C7F292DE24BA600402EA0 /* EventView.swift */; };
		D06C7F2C2DE6197600402EA0 /* Constants.swift in Sources */ = {isa = PBXBuildFile; fileRef = D06C7F2B2DE6197600402EA0 /* Constants.swift */; };
		D06C7F322DE7A9C000402EA0 /* EventEditorConfigurable.swift in Sources */ = {isa = PBXBuildFile; fileRef = D06C7F312DE7A9C000402EA0 /* EventEditorConfigurable.swift */; };
		D06C7F342DE7AACC00402EA0 /* PointEventEditorViewModel.swift in Sources */ = {isa = PBXBuildFile; fileRef = D06C7F332DE7AACC00402EA0 /* PointEventEditorViewModel.swift */; };
		D06C7F372DE7AB3B00402EA0 /* EventEditorFactory.swift in Sources */ = {isa = PBXBuildFile; fileRef = D06C7F362DE7AB3B00402EA0 /* EventEditorFactory.swift */; };
		D06C7F392DE7ABC300402EA0 /* EventEditorViewController.swift in Sources */ = {isa = PBXBuildFile; fileRef = D06C7F382DE7ABC300402EA0 /* EventEditorViewController.swift */; };
		D07B678A2D2C6D8000842293 /* StartPlanningViewController.swift in Sources */ = {isa = PBXBuildFile; fileRef = D07B67892D2C6D8000842293 /* StartPlanningViewController.swift */; };
		D0A39AA72DFCBDD1007F3F9A /* SettingsCoordinator.swift in Sources */ = {isa = PBXBuildFile; fileRef = D0A39AA62DFCBDD1007F3F9A /* SettingsCoordinator.swift */; };
		D0A39AA92DFCBE37007F3F9A /* MapCoordinator.swift in Sources */ = {isa = PBXBuildFile; fileRef = D0A39AA82DFCBE37007F3F9A /* MapCoordinator.swift */; };
		D0A39AAB2E035FD2007F3F9A /* TabBarControlling.swift in Sources */ = {isa = PBXBuildFile; fileRef = D0A39AAA2E035FD2007F3F9A /* TabBarControlling.swift */; };
		D0B0E1B72F32131A000A390B /* ImageStorageProtocol.swift in Sources */ = {isa = PBXBuildFile; fileRef = D0B0E1B62F32131A000A390B /* ImageStorageProtocol.swift */; };
		D0B5ADD32E1C6542009A74A5 /* TransportSegmentControl.swift in Sources */ = {isa = PBXBuildFile; fileRef = D0B5ADD22E1C6542009A74A5 /* TransportSegmentControl.swift */; };
		D0B5ADD52E20669C009A74A5 /* ProfileViewController.swift in Sources */ = {isa = PBXBuildFile; fileRef = D0B5ADD42E20669C009A74A5 /* ProfileViewController.swift */; };
		D0D192D22A6FFF9A000853B8 /* AppDelegate.swift in Sources */ = {isa = PBXBuildFile; fileRef = D0D192D12A6FFF9A000853B8 /* AppDelegate.swift */; };
		D0D192D42A6FFF9A000853B8 /* SceneDelegate.swift in Sources */ = {isa = PBXBuildFile; fileRef = D0D192D32A6FFF9A000853B8 /* SceneDelegate.swift */; };
		D0D192D62A6FFF9A000853B8 /* CalendarViewController.swift in Sources */ = {isa = PBXBuildFile; fileRef = D0D192D52A6FFF9A000853B8 /* CalendarViewController.swift */; };
		D0D192DC2A6FFF9A000853B8 /* GenieVoyage.xcdatamodeld in Sources */ = {isa = PBXBuildFile; fileRef = D0D192DA2A6FFF9A000853B8 /* GenieVoyage.xcdatamodeld */; };
		D0D192DE2A6FFF9B000853B8 /* Assets.xcassets in Resources */ = {isa = PBXBuildFile; fileRef = D0D192DD2A6FFF9B000853B8 /* Assets.xcassets */; };
		D0D192E12A6FFF9B000853B8 /* LaunchScreen.storyboard in Resources */ = {isa = PBXBuildFile; fileRef = D0D192DF2A6FFF9B000853B8 /* LaunchScreen.storyboard */; };
		D0D192EC2A6FFF9B000853B8 /* GenieVoyageTests.swift in Sources */ = {isa = PBXBuildFile; fileRef = D0D192EB2A6FFF9B000853B8 /* GenieVoyageTests.swift */; };
		D0D192F62A6FFF9B000853B8 /* GenieVoyageUITests.swift in Sources */ = {isa = PBXBuildFile; fileRef = D0D192F52A6FFF9B000853B8 /* GenieVoyageUITests.swift */; };
		D0D192F82A6FFF9B000853B8 /* GenieVoyageUITestsLaunchTests.swift in Sources */ = {isa = PBXBuildFile; fileRef = D0D192F72A6FFF9B000853B8 /* GenieVoyageUITestsLaunchTests.swift */; };
		D0D193062A705F28000853B8 /* CalendarKit in Frameworks */ = {isa = PBXBuildFile; productRef = D0D193052A705F28000853B8 /* CalendarKit */; };
		D0D193082A71AC36000853B8 /* EKWrapper.swift in Sources */ = {isa = PBXBuildFile; fileRef = D0D193072A71AC36000853B8 /* EKWrapper.swift */; };
		D0D9590F2D9FC36A00B4B327 /* DayViewModel.swift in Sources */ = {isa = PBXBuildFile; fileRef = D0D9590E2D9FC36A00B4B327 /* DayViewModel.swift */; };
		D0EBF10D2E5121E2002C76CD /* Mapping.swift in Sources */ = {isa = PBXBuildFile; fileRef = D0EBF10C2E5121E2002C76CD /* Mapping.swift */; };
		D0EBF10F2E585ADC002C76CD /* AppCoordinator.swift in Sources */ = {isa = PBXBuildFile; fileRef = D0EBF10E2E585ADC002C76CD /* AppCoordinator.swift */; };
		D0FC225F2DE7AF6F0074C9AF /* PointEventEditorView.swift in Sources */ = {isa = PBXBuildFile; fileRef = D0FC225E2DE7AF6F0074C9AF /* PointEventEditorView.swift */; };
		D0FC22612DE8ABD90074C9AF /* HotelEditorViewModel.swift in Sources */ = {isa = PBXBuildFile; fileRef = D0FC22602DE8ABD90074C9AF /* HotelEditorViewModel.swift */; };
		D0FC22632DE8AC090074C9AF /* TransferEditorViewModel.swift in Sources */ = {isa = PBXBuildFile; fileRef = D0FC22622DE8AC090074C9AF /* TransferEditorViewModel.swift */; };
		D0FC22652DE8AC430074C9AF /* TransportEditorViewModel.swift in Sources */ = {isa = PBXBuildFile; fileRef = D0FC22642DE8AC430074C9AF /* TransportEditorViewModel.swift */; };
		D0FC22672DE8AC720074C9AF /* FoodEditorViewModel.swift in Sources */ = {isa = PBXBuildFile; fileRef = D0FC22662DE8AC720074C9AF /* FoodEditorViewModel.swift */; };
		D0FC226A2DEA406A0074C9AF /* MapEventsViewController.swift in Sources */ = {isa = PBXBuildFile; fileRef = D0FC22692DEA406A0074C9AF /* MapEventsViewController.swift */; };
		D0FC226C2DF2EFC40074C9AF /* DayTabCell.swift in Sources */ = {isa = PBXBuildFile; fileRef = D0FC226B2DF2EFC40074C9AF /* DayTabCell.swift */; };
		D0FC22782DF7641B0074C9AF /* TripCoordinator.swift in Sources */ = {isa = PBXBuildFile; fileRef = D0FC22772DF7641B0074C9AF /* TripCoordinator.swift */; };
		D0FC227A2DF764AC0074C9AF /* MainCoordinator.swift in Sources */ = {isa = PBXBuildFile; fileRef = D0FC22792DF764AC0074C9AF /* MainCoordinator.swift */; };
		D0FC227C2DF764EA0074C9AF /* ProtocolCoordinator.swift in Sources */ = {isa = PBXBuildFile; fileRef = D0FC227B2DF764EA0074C9AF /* ProtocolCoordinator.swift */; };
		D0FC227E2DF765850074C9AF /* TripListCoordinator.swift in Sources */ = {isa = PBXBuildFile; fileRef = D0FC227D2DF765850074C9AF /* TripListCoordinator.swift */; };
		D0FC22802DF7662A0074C9AF /* TripListViewController.swift in Sources */ = {isa = PBXBuildFile; fileRef = D0FC227F2DF7662A0074C9AF /* TripListViewController.swift */; };
		D0FC22822DF77A300074C9AF /* EventCoordinator.swift in Sources */ = {isa = PBXBuildFile; fileRef = D0FC22812DF77A300074C9AF /* EventCoordinator.swift */; };
		D0FC22882DFA13BD0074C9AF /* TripViewControllerDelegate.swift in Sources */ = {isa = PBXBuildFile; fileRef = D0FC22872DFA13BD0074C9AF /* TripViewControllerDelegate.swift */; };
		E60A866E6B722F5F093D186B /* Pods_GenieVoyageTests.framework in Frameworks */ = {isa = PBXBuildFile; fileRef = 890A253B57967C505085FD95 /* Pods_GenieVoyageTests.framework */; };
/* End PBXBuildFile section */

/* Begin PBXContainerItemProxy section */
		D0D192E82A6FFF9B000853B8 /* PBXContainerItemProxy */ = {
			isa = PBXContainerItemProxy;
			containerPortal = D0D192C62A6FFF9A000853B8 /* Project object */;
			proxyType = 1;
			remoteGlobalIDString = D0D192CD2A6FFF9A000853B8;
			remoteInfo = GenieVoyage;
		};
		D0D192F22A6FFF9B000853B8 /* PBXContainerItemProxy */ = {
			isa = PBXContainerItemProxy;
			containerPortal = D0D192C62A6FFF9A000853B8 /* Project object */;
			proxyType = 1;
			remoteGlobalIDString = D0D192CD2A6FFF9A000853B8;
			remoteInfo = GenieVoyage;
		};
/* End PBXContainerItemProxy section */

/* Begin PBXCopyFilesBuildPhase section */
		D0605DFA2D3FF24C00465BD2 /* Embed Frameworks */ = {
			isa = PBXCopyFilesBuildPhase;
			buildActionMask = 2147483647;
			dstPath = "";
			dstSubfolderSpec = 10;
			files = (
				D0605DF92D3FF24C00465BD2 /* Pods_GenieVoyage.framework in Embed Frameworks */,
			);
			name = "Embed Frameworks";
			runOnlyForDeploymentPostprocessing = 0;
		};
/* End PBXCopyFilesBuildPhase section */

/* Begin PBXFileReference section */
		071C3747FA4F0ADB75D5CC99 /* Pods_GenieVoyage.framework */ = {isa = PBXFileReference; explicitFileType = wrapper.framework; includeInIndex = 0; path = Pods_GenieVoyage.framework; sourceTree = BUILT_PRODUCTS_DIR; };
		1251502AC92FBF204C8D5ACA /* Pods-GenieVoyage-GenieVoyageUITests.debug.xcconfig */ = {isa = PBXFileReference; includeInIndex = 1; lastKnownFileType = text.xcconfig; name = "Pods-GenieVoyage-GenieVoyageUITests.debug.xcconfig"; path = "Target Support Files/Pods-GenieVoyage-GenieVoyageUITests/Pods-GenieVoyage-GenieVoyageUITests.debug.xcconfig"; sourceTree = "<group>"; };
		32104B72A2BA1DFEB2B7E6DF /* Pods-GenieVoyage.debug.xcconfig */ = {isa = PBXFileReference; includeInIndex = 1; lastKnownFileType = text.xcconfig; name = "Pods-GenieVoyage.debug.xcconfig"; path = "Target Support Files/Pods-GenieVoyage/Pods-GenieVoyage.debug.xcconfig"; sourceTree = "<group>"; };
		647488902534C3C8E7C82C6B /* Pods-GenieVoyageTests.debug.xcconfig */ = {isa = PBXFileReference; includeInIndex = 1; lastKnownFileType = text.xcconfig; name = "Pods-GenieVoyageTests.debug.xcconfig"; path = "Target Support Files/Pods-GenieVoyageTests/Pods-GenieVoyageTests.debug.xcconfig"; sourceTree = "<group>"; };
		69210B0D74BC44CBED372FEB /* Pods-GenieVoyage-GenieVoyageUITests.release.xcconfig */ = {isa = PBXFileReference; includeInIndex = 1; lastKnownFileType = text.xcconfig; name = "Pods-GenieVoyage-GenieVoyageUITests.release.xcconfig"; path = "Target Support Files/Pods-GenieVoyage-GenieVoyageUITests/Pods-GenieVoyage-GenieVoyageUITests.release.xcconfig"; sourceTree = "<group>"; };
		890A253B57967C505085FD95 /* Pods_GenieVoyageTests.framework */ = {isa = PBXFileReference; explicitFileType = wrapper.framework; includeInIndex = 0; path = Pods_GenieVoyageTests.framework; sourceTree = BUILT_PRODUCTS_DIR; };
		9987FB9B0F0ED0A38BD352E5 /* Pods-GenieVoyage.release.xcconfig */ = {isa = PBXFileReference; includeInIndex = 1; lastKnownFileType = text.xcconfig; name = "Pods-GenieVoyage.release.xcconfig"; path = "Target Support Files/Pods-GenieVoyage/Pods-GenieVoyage.release.xcconfig"; sourceTree = "<group>"; };
		B04908D54247C8A3BBBE049A /* Pods_GenieVoyage_GenieVoyageUITests.framework */ = {isa = PBXFileReference; explicitFileType = wrapper.framework; includeInIndex = 0; path = Pods_GenieVoyage_GenieVoyageUITests.framework; sourceTree = BUILT_PRODUCTS_DIR; };
		D0010B2B2B12A24200BAEC46 /* Extension.swift */ = {isa = PBXFileReference; lastKnownFileType = sourcecode.swift; path = Extension.swift; sourceTree = "<group>"; };
		D023B2F32E3584FB009B382C /* TemplateCell.swift */ = {isa = PBXFileReference; lastKnownFileType = sourcecode.swift; path = TemplateCell.swift; sourceTree = "<group>"; };
		D023B2F52E358530009B382C /* MyTripCell.swift */ = {isa = PBXFileReference; lastKnownFileType = sourcecode.swift; path = MyTripCell.swift; sourceTree = "<group>"; };
		D023B2F72E35858C009B382C /* HeaderView.swift */ = {isa = PBXFileReference; lastKnownFileType = sourcecode.swift; path = HeaderView.swift; sourceTree = "<group>"; };
		D023B2F92E3585BF009B382C /* TripTemplate.swift */ = {isa = PBXFileReference; lastKnownFileType = sourcecode.swift; path = TripTemplate.swift; sourceTree = "<group>"; };
		D023B3082E3FD422009B382C /* CoreDataManager.swift */ = {isa = PBXFileReference; lastKnownFileType = sourcecode.swift; path = CoreDataManager.swift; sourceTree = "<group>"; };
		D023B30A2E3FFD38009B382C /* TripStorage.swift */ = {isa = PBXFileReference; lastKnownFileType = sourcecode.swift; path = TripStorage.swift; sourceTree = "<group>"; };
		D023B30C2E3FFD63009B382C /* CoreDataTripStorage.swift */ = {isa = PBXFileReference; lastKnownFileType = sourcecode.swift; path = CoreDataTripStorage.swift; sourceTree = "<group>"; };
		D023B30E2E414FBE009B382C /* TripDate.swift */ = {isa = PBXFileReference; lastKnownFileType = sourcecode.swift; path = TripDate.swift; sourceTree = "<group>"; };
		D023B3102E415854009B382C /* TripListViewModel.swift */ = {isa = PBXFileReference; lastKnownFileType = sourcecode.swift; path = TripListViewModel.swift; sourceTree = "<group>"; };
		D026365B2D84ADBB0070D28C /* SegmentedControlView.swift */ = {isa = PBXFileReference; lastKnownFileType = sourcecode.swift; path = SegmentedControlView.swift; sourceTree = "<group>"; };
		D026365D2D84AE0D0070D28C /* SegmentCell.swift */ = {isa = PBXFileReference; lastKnownFileType = sourcecode.swift; path = SegmentCell.swift; sourceTree = "<group>"; };
		D0365DF02CFA6BE700D711A9 /* TripModel.swift */ = {isa = PBXFileReference; lastKnownFileType = sourcecode.swift; path = TripModel.swift; sourceTree = "<group>"; };
		D0365DF82CFDC76F00D711A9 /* CalculateDistance.swift */ = {isa = PBXFileReference; lastKnownFileType = sourcecode.swift; path = CalculateDistance.swift; sourceTree = "<group>"; };
		D03D08642D0730CE009F8E63 /* PlanDayDetailViewController.swift */ = {isa = PBXFileReference; lastKnownFileType = sourcecode.swift; path = PlanDayDetailViewController.swift; sourceTree = "<group>"; };
		D03D08662D074316009F8E63 /* ItineraryCell.swift */ = {isa = PBXFileReference; lastKnownFileType = sourcecode.swift; path = ItineraryCell.swift; sourceTree = "<group>"; };
		D03D08682D08544D009F8E63 /* EventViewController.swift */ = {isa = PBXFileReference; lastKnownFileType = sourcecode.swift; path = EventViewController.swift; sourceTree = "<group>"; };
		D03D086A2D08C14F009F8E63 /* MapLocationViewController.swift */ = {isa = PBXFileReference; lastKnownFileType = sourcecode.swift; path = MapLocationViewController.swift; sourceTree = "<group>"; };
		D043B43C2CFF6DDE00151ED0 /* TripViewController.swift */ = {isa = PBXFileReference; lastKnownFileType = sourcecode.swift; path = TripViewController.swift; sourceTree = "<group>"; };
		D04945B22D3A451B00232F26 /* EventCollectionViewCell.swift */ = {isa = PBXFileReference; lastKnownFileType = sourcecode.swift; path = EventCollectionViewCell.swift; sourceTree = "<group>"; };
		D04945B42D3A46FA00232F26 /* EventModel.swift */ = {isa = PBXFileReference; lastKnownFileType = sourcecode.swift; path = EventModel.swift; sourceTree = "<group>"; };
		D04945B82D3EB26900232F26 /* TripViewModel.swift */ = {isa = PBXFileReference; lastKnownFileType = sourcecode.swift; path = TripViewModel.swift; sourceTree = "<group>"; };
		D05D92E52D4B8CB10022C734 /* DayCollectionViewCell.swift */ = {isa = PBXFileReference; lastKnownFileType = sourcecode.swift; path = DayCollectionViewCell.swift; sourceTree = "<group>"; };
		D06C7F1A2DB26C1B00402EA0 /* DayCellDelegate.swift */ = {isa = PBXFileReference; lastKnownFileType = sourcecode.swift; path = DayCellDelegate.swift; sourceTree = "<group>"; };
		D06C7F1D2DBAC2D700402EA0 /* MainTabBarController.swift */ = {isa = PBXFileReference; lastKnownFileType = sourcecode.swift; path = MainTabBarController.swift; sourceTree = "<group>"; };
		D06C7F1F2DBAC3CD00402EA0 /* SignInViewController.swift */ = {isa = PBXFileReference; lastKnownFileType = sourcecode.swift; path = SignInViewController.swift; sourceTree = "<group>"; };
		D06C7F212DBC19CC00402EA0 /* CustomTabBar.swift */ = {isa = PBXFileReference; lastKnownFileType = sourcecode.swift; path = CustomTabBar.swift; sourceTree = "<group>"; };
		D06C7F232DBC1E4100402EA0 /* CheckListViewController.swift */ = {isa = PBXFileReference; lastKnownFileType = sourcecode.swift; path = CheckListViewController.swift; sourceTree = "<group>"; };
		D06C7F252DBCF32D00402EA0 /* PointViewController.swift */ = {isa = PBXFileReference; lastKnownFileType = sourcecode.swift; path = PointViewController.swift; sourceTree = "<group>"; };
		D06C7F292DE24BA600402EA0 /* EventView.swift */ = {isa = PBXFileReference; lastKnownFileType = sourcecode.swift; path = EventView.swift; sourceTree = "<group>"; };
		D06C7F2B2DE6197600402EA0 /* Constants.swift */ = {isa = PBXFileReference; lastKnownFileType = sourcecode.swift; path = Constants.swift; sourceTree = "<group>"; };
		D06C7F312DE7A9C000402EA0 /* EventEditorConfigurable.swift */ = {isa = PBXFileReference; lastKnownFileType = sourcecode.swift; path = EventEditorConfigurable.swift; sourceTree = "<group>"; };
		D06C7F332DE7AACC00402EA0 /* PointEventEditorViewModel.swift */ = {isa = PBXFileReference; lastKnownFileType = sourcecode.swift; path = PointEventEditorViewModel.swift; sourceTree = "<group>"; };
		D06C7F362DE7AB3B00402EA0 /* EventEditorFactory.swift */ = {isa = PBXFileReference; lastKnownFileType = sourcecode.swift; path = EventEditorFactory.swift; sourceTree = "<group>"; };
		D06C7F382DE7ABC300402EA0 /* EventEditorViewController.swift */ = {isa = PBXFileReference; lastKnownFileType = sourcecode.swift; path = EventEditorViewController.swift; sourceTree = "<group>"; };
		D07B67892D2C6D8000842293 /* StartPlanningViewController.swift */ = {isa = PBXFileReference; lastKnownFileType = sourcecode.swift; path = StartPlanningViewController.swift; sourceTree = "<group>"; };
		D0A39AA62DFCBDD1007F3F9A /* SettingsCoordinator.swift */ = {isa = PBXFileReference; lastKnownFileType = sourcecode.swift; path = SettingsCoordinator.swift; sourceTree = "<group>"; };
		D0A39AA82DFCBE37007F3F9A /* MapCoordinator.swift */ = {isa = PBXFileReference; lastKnownFileType = sourcecode.swift; path = MapCoordinator.swift; sourceTree = "<group>"; };
		D0A39AAA2E035FD2007F3F9A /* TabBarControlling.swift */ = {isa = PBXFileReference; lastKnownFileType = sourcecode.swift; path = TabBarControlling.swift; sourceTree = "<group>"; };
		D0B0E1B62F32131A000A390B /* ImageStorageProtocol.swift */ = {isa = PBXFileReference; lastKnownFileType = sourcecode.swift; path = ImageStorageProtocol.swift; sourceTree = "<group>"; };
		D0B5ADD22E1C6542009A74A5 /* TransportSegmentControl.swift */ = {isa = PBXFileReference; lastKnownFileType = sourcecode.swift; path = TransportSegmentControl.swift; sourceTree = "<group>"; };
		D0B5ADD42E20669C009A74A5 /* ProfileViewController.swift */ = {isa = PBXFileReference; lastKnownFileType = sourcecode.swift; path = ProfileViewController.swift; sourceTree = "<group>"; };
		D0D192CE2A6FFF9A000853B8 /* GenieVoyage.app */ = {isa = PBXFileReference; explicitFileType = wrapper.application; includeInIndex = 0; path = GenieVoyage.app; sourceTree = BUILT_PRODUCTS_DIR; };
		D0D192D12A6FFF9A000853B8 /* AppDelegate.swift */ = {isa = PBXFileReference; lastKnownFileType = sourcecode.swift; path = AppDelegate.swift; sourceTree = "<group>"; };
		D0D192D32A6FFF9A000853B8 /* SceneDelegate.swift */ = {isa = PBXFileReference; lastKnownFileType = sourcecode.swift; path = SceneDelegate.swift; sourceTree = "<group>"; };
		D0D192D52A6FFF9A000853B8 /* CalendarViewController.swift */ = {isa = PBXFileReference; lastKnownFileType = sourcecode.swift; path = CalendarViewController.swift; sourceTree = "<group>"; };
		D0D192DB2A6FFF9A000853B8 /* GenieVoyage.xcdatamodel */ = {isa = PBXFileReference; lastKnownFileType = wrapper.xcdatamodel; path = GenieVoyage.xcdatamodel; sourceTree = "<group>"; };
		D0D192DD2A6FFF9B000853B8 /* Assets.xcassets */ = {isa = PBXFileReference; lastKnownFileType = folder.assetcatalog; path = Assets.xcassets; sourceTree = "<group>"; };
		D0D192E02A6FFF9B000853B8 /* Base */ = {isa = PBXFileReference; lastKnownFileType = file.storyboard; name = Base; path = Base.lproj/LaunchScreen.storyboard; sourceTree = "<group>"; };
		D0D192E22A6FFF9B000853B8 /* Info.plist */ = {isa = PBXFileReference; lastKnownFileType = text.plist.xml; path = Info.plist; sourceTree = "<group>"; };
		D0D192E72A6FFF9B000853B8 /* GenieVoyageTests.xctest */ = {isa = PBXFileReference; explicitFileType = wrapper.cfbundle; includeInIndex = 0; path = GenieVoyageTests.xctest; sourceTree = BUILT_PRODUCTS_DIR; };
		D0D192EB2A6FFF9B000853B8 /* GenieVoyageTests.swift */ = {isa = PBXFileReference; lastKnownFileType = sourcecode.swift; path = GenieVoyageTests.swift; sourceTree = "<group>"; };
		D0D192F12A6FFF9B000853B8 /* GenieVoyageUITests.xctest */ = {isa = PBXFileReference; explicitFileType = wrapper.cfbundle; includeInIndex = 0; path = GenieVoyageUITests.xctest; sourceTree = BUILT_PRODUCTS_DIR; };
		D0D192F52A6FFF9B000853B8 /* GenieVoyageUITests.swift */ = {isa = PBXFileReference; lastKnownFileType = sourcecode.swift; path = GenieVoyageUITests.swift; sourceTree = "<group>"; };
		D0D192F72A6FFF9B000853B8 /* GenieVoyageUITestsLaunchTests.swift */ = {isa = PBXFileReference; lastKnownFileType = sourcecode.swift; path = GenieVoyageUITestsLaunchTests.swift; sourceTree = "<group>"; };
		D0D193072A71AC36000853B8 /* EKWrapper.swift */ = {isa = PBXFileReference; lastKnownFileType = sourcecode.swift; path = EKWrapper.swift; sourceTree = "<group>"; };
		D0D9590E2D9FC36A00B4B327 /* DayViewModel.swift */ = {isa = PBXFileReference; lastKnownFileType = sourcecode.swift; path = DayViewModel.swift; sourceTree = "<group>"; };
		D0EBF10C2E5121E2002C76CD /* Mapping.swift */ = {isa = PBXFileReference; lastKnownFileType = sourcecode.swift; path = Mapping.swift; sourceTree = "<group>"; };
		D0EBF10E2E585ADC002C76CD /* AppCoordinator.swift */ = {isa = PBXFileReference; lastKnownFileType = sourcecode.swift; path = AppCoordinator.swift; sourceTree = "<group>"; };
		D0FC225E2DE7AF6F0074C9AF /* PointEventEditorView.swift */ = {isa = PBXFileReference; lastKnownFileType = sourcecode.swift; path = PointEventEditorView.swift; sourceTree = "<group>"; };
		D0FC22602DE8ABD90074C9AF /* HotelEditorViewModel.swift */ = {isa = PBXFileReference; lastKnownFileType = sourcecode.swift; path = HotelEditorViewModel.swift; sourceTree = "<group>"; };
		D0FC22622DE8AC090074C9AF /* TransferEditorViewModel.swift */ = {isa = PBXFileReference; lastKnownFileType = sourcecode.swift; path = TransferEditorViewModel.swift; sourceTree = "<group>"; };
		D0FC22642DE8AC430074C9AF /* TransportEditorViewModel.swift */ = {isa = PBXFileReference; lastKnownFileType = sourcecode.swift; path = TransportEditorViewModel.swift; sourceTree = "<group>"; };
		D0FC22662DE8AC720074C9AF /* FoodEditorViewModel.swift */ = {isa = PBXFileReference; lastKnownFileType = sourcecode.swift; path = FoodEditorViewModel.swift; sourceTree = "<group>"; };
		D0FC22692DEA406A0074C9AF /* MapEventsViewController.swift */ = {isa = PBXFileReference; lastKnownFileType = sourcecode.swift; path = MapEventsViewController.swift; sourceTree = "<group>"; };
		D0FC226B2DF2EFC40074C9AF /* DayTabCell.swift */ = {isa = PBXFileReference; lastKnownFileType = sourcecode.swift; path = DayTabCell.swift; sourceTree = "<group>"; };
		D0FC22772DF7641B0074C9AF /* TripCoordinator.swift */ = {isa = PBXFileReference; lastKnownFileType = sourcecode.swift; path = TripCoordinator.swift; sourceTree = "<group>"; };
		D0FC22792DF764AC0074C9AF /* MainCoordinator.swift */ = {isa = PBXFileReference; lastKnownFileType = sourcecode.swift; path = MainCoordinator.swift; sourceTree = "<group>"; };
		D0FC227B2DF764EA0074C9AF /* ProtocolCoordinator.swift */ = {isa = PBXFileReference; lastKnownFileType = sourcecode.swift; path = ProtocolCoordinator.swift; sourceTree = "<group>"; };
		D0FC227D2DF765850074C9AF /* TripListCoordinator.swift */ = {isa = PBXFileReference; lastKnownFileType = sourcecode.swift; path = TripListCoordinator.swift; sourceTree = "<group>"; };
		D0FC227F2DF7662A0074C9AF /* TripListViewController.swift */ = {isa = PBXFileReference; lastKnownFileType = sourcecode.swift; path = TripListViewController.swift; sourceTree = "<group>"; };
		D0FC22812DF77A300074C9AF /* EventCoordinator.swift */ = {isa = PBXFileReference; lastKnownFileType = sourcecode.swift; path = EventCoordinator.swift; sourceTree = "<group>"; };
		D0FC22872DFA13BD0074C9AF /* TripViewControllerDelegate.swift */ = {isa = PBXFileReference; lastKnownFileType = sourcecode.swift; path = TripViewControllerDelegate.swift; sourceTree = "<group>"; };
		EC48F7F4B016AF516F86CCCC /* Pods-GenieVoyageTests.release.xcconfig */ = {isa = PBXFileReference; includeInIndex = 1; lastKnownFileType = text.xcconfig; name = "Pods-GenieVoyageTests.release.xcconfig"; path = "Target Support Files/Pods-GenieVoyageTests/Pods-GenieVoyageTests.release.xcconfig"; sourceTree = "<group>"; };
/* End PBXFileReference section */

/* Begin PBXFrameworksBuildPhase section */
		D0D192CB2A6FFF9A000853B8 /* Frameworks */ = {
			isa = PBXFrameworksBuildPhase;
			buildActionMask = 2147483647;
			files = (
				D0605DF82D3FF24C00465BD2 /* Pods_GenieVoyage.framework in Frameworks */,
				D0D193062A705F28000853B8 /* CalendarKit in Frameworks */,
			);
			runOnlyForDeploymentPostprocessing = 0;
		};
		D0D192E42A6FFF9B000853B8 /* Frameworks */ = {
			isa = PBXFrameworksBuildPhase;
			buildActionMask = 2147483647;
			files = (
				E60A866E6B722F5F093D186B /* Pods_GenieVoyageTests.framework in Frameworks */,
			);
			runOnlyForDeploymentPostprocessing = 0;
		};
		D0D192EE2A6FFF9B000853B8 /* Frameworks */ = {
			isa = PBXFrameworksBuildPhase;
			buildActionMask = 2147483647;
			files = (
				1B28A79DB26C7026E5FD14EA /* Pods_GenieVoyage_GenieVoyageUITests.framework in Frameworks */,
			);
			runOnlyForDeploymentPostprocessing = 0;
		};
/* End PBXFrameworksBuildPhase section */

/* Begin PBXGroup section */
		78FA47489E60DF16FB53CAFC /* Pods */ = {
			isa = PBXGroup;
			children = (
				32104B72A2BA1DFEB2B7E6DF /* Pods-GenieVoyage.debug.xcconfig */,
				9987FB9B0F0ED0A38BD352E5 /* Pods-GenieVoyage.release.xcconfig */,
				1251502AC92FBF204C8D5ACA /* Pods-GenieVoyage-GenieVoyageUITests.debug.xcconfig */,
				69210B0D74BC44CBED372FEB /* Pods-GenieVoyage-GenieVoyageUITests.release.xcconfig */,
				647488902534C3C8E7C82C6B /* Pods-GenieVoyageTests.debug.xcconfig */,
				EC48F7F4B016AF516F86CCCC /* Pods-GenieVoyageTests.release.xcconfig */,
			);
			path = Pods;
			sourceTree = "<group>";
		};
		B44762B999CF957B3349989B /* Frameworks */ = {
			isa = PBXGroup;
			children = (
				071C3747FA4F0ADB75D5CC99 /* Pods_GenieVoyage.framework */,
				B04908D54247C8A3BBBE049A /* Pods_GenieVoyage_GenieVoyageUITests.framework */,
				890A253B57967C505085FD95 /* Pods_GenieVoyageTests.framework */,
			);
			name = Frameworks;
			sourceTree = "<group>";
		};
		D023B3012E3FD3B6009B382C /* CoreData  */ = {
			isa = PBXGroup;
			children = (
				D023B3082E3FD422009B382C /* CoreDataManager.swift */,
				D023B30A2E3FFD38009B382C /* TripStorage.swift */,
				D023B30C2E3FFD63009B382C /* CoreDataTripStorage.swift */,
				D0EBF10C2E5121E2002C76CD /* Mapping.swift */,
				D0B0E1B62F32131A000A390B /* ImageStorageProtocol.swift */,
			);
			path = "CoreData ";
			sourceTree = "<group>";
		};
		D06C7F162DB26B8700402EA0 /* View */ = {
			isa = PBXGroup;
			children = (
				D0FC227F2DF7662A0074C9AF /* TripListViewController.swift */,
				D023B2F32E3584FB009B382C /* TemplateCell.swift */,
				D023B2F52E358530009B382C /* MyTripCell.swift */,
				D023B2F72E35858C009B382C /* HeaderView.swift */,
				D023B2F92E3585BF009B382C /* TripTemplate.swift */,
				D043B43C2CFF6DDE00151ED0 /* TripViewController.swift */,
				D0FC22692DEA406A0074C9AF /* MapEventsViewController.swift */,
				D06C7F382DE7ABC300402EA0 /* EventEditorViewController.swift */,
				D07B67892D2C6D8000842293 /* StartPlanningViewController.swift */,
				D0FC226B2DF2EFC40074C9AF /* DayTabCell.swift */,
				D04945B22D3A451B00232F26 /* EventCollectionViewCell.swift */,
				D05D92E52D4B8CB10022C734 /* DayCollectionViewCell.swift */,
				D06C7F292DE24BA600402EA0 /* EventView.swift */,
				D0FC225E2DE7AF6F0074C9AF /* PointEventEditorView.swift */,
				D026365B2D84ADBB0070D28C /* SegmentedControlView.swift */,
				D0B5ADD22E1C6542009A74A5 /* TransportSegmentControl.swift */,
				D06C7F1F2DBAC3CD00402EA0 /* SignInViewController.swift */,
				D0B5ADD42E20669C009A74A5 /* ProfileViewController.swift */,
			);
			path = View;
			sourceTree = "<group>";
		};
		D06C7F172DB26BB400402EA0 /* ViewModel */ = {
			isa = PBXGroup;
			children = (
				D023B3102E415854009B382C /* TripListViewModel.swift */,
				D04945B82D3EB26900232F26 /* TripViewModel.swift */,
				D0D9590E2D9FC36A00B4B327 /* DayViewModel.swift */,
				D06C7F352DE7AAD900402EA0 /* EventEditorModul */,
			);
			path = ViewModel;
			sourceTree = "<group>";
		};
		D06C7F182DB26BCC00402EA0 /* Model */ = {
			isa = PBXGroup;
			children = (
				D0365DF02CFA6BE700D711A9 /* TripModel.swift */,
				D04945B42D3A46FA00232F26 /* EventModel.swift */,
				D023B30E2E414FBE009B382C /* TripDate.swift */,
			);
			path = Model;
			sourceTree = "<group>";
		};
		D06C7F192DB26C0A00402EA0 /* Delegate */ = {
			isa = PBXGroup;
			children = (
				D0D192D12A6FFF9A000853B8 /* AppDelegate.swift */,
				D0D192D32A6FFF9A000853B8 /* SceneDelegate.swift */,
				D06C7F1A2DB26C1B00402EA0 /* DayCellDelegate.swift */,
				D0FC22872DFA13BD0074C9AF /* TripViewControllerDelegate.swift */,
				D0A39AAA2E035FD2007F3F9A /* TabBarControlling.swift */,
			);
			path = Delegate;
			sourceTree = "<group>";
		};
		D06C7F1C2DB26C8A00402EA0 /* Shared */ = {
			isa = PBXGroup;
			children = (
				D06C7F2B2DE6197600402EA0 /* Constants.swift */,
				D0010B2B2B12A24200BAEC46 /* Extension.swift */,
			);
			path = Shared;
			sourceTree = "<group>";
		};
		D06C7F352DE7AAD900402EA0 /* EventEditorModul */ = {
			isa = PBXGroup;
			children = (
				D06C7F332DE7AACC00402EA0 /* PointEventEditorViewModel.swift */,
				D0FC22602DE8ABD90074C9AF /* HotelEditorViewModel.swift */,
				D0FC22622DE8AC090074C9AF /* TransferEditorViewModel.swift */,
				D0FC22642DE8AC430074C9AF /* TransportEditorViewModel.swift */,
				D0FC22662DE8AC720074C9AF /* FoodEditorViewModel.swift */,
				D06C7F312DE7A9C000402EA0 /* EventEditorConfigurable.swift */,
				D06C7F362DE7AB3B00402EA0 /* EventEditorFactory.swift */,
			);
			path = EventEditorModul;
			sourceTree = "<group>";
		};
		D0D192C52A6FFF9A000853B8 = {
			isa = PBXGroup;
			children = (
				D0D192D02A6FFF9A000853B8 /* GenieVoyage */,
				D0D192EA2A6FFF9B000853B8 /* GenieVoyageTests */,
				D0D192F42A6FFF9B000853B8 /* GenieVoyageUITests */,
				D0D192CF2A6FFF9A000853B8 /* Products */,
				78FA47489E60DF16FB53CAFC /* Pods */,
				B44762B999CF957B3349989B /* Frameworks */,
			);
			sourceTree = "<group>";
		};
		D0D192CF2A6FFF9A000853B8 /* Products */ = {
			isa = PBXGroup;
			children = (
				D0D192CE2A6FFF9A000853B8 /* GenieVoyage.app */,
				D0D192E72A6FFF9B000853B8 /* GenieVoyageTests.xctest */,
				D0D192F12A6FFF9B000853B8 /* GenieVoyageUITests.xctest */,
			);
			name = Products;
			sourceTree = "<group>";
		};
		D0D192D02A6FFF9A000853B8 /* GenieVoyage */ = {
			isa = PBXGroup;
			children = (
				D023B3012E3FD3B6009B382C /* CoreData  */,
				D06C7F192DB26C0A00402EA0 /* Delegate */,
				D0FC22712DF760180074C9AF /* Coordinators */,
				D0FC22702DF75FF60074C9AF /* Modules */,
				D06C7F1C2DB26C8A00402EA0 /* Shared */,
				D0FC22762DF762F70074C9AF /* Resources */,
				D0FC22682DE908AF0074C9AF /* for Delete???? */,
				D0D192DF2A6FFF9B000853B8 /* LaunchScreen.storyboard */,
				D0D192E22A6FFF9B000853B8 /* Info.plist */,
				D0D192DA2A6FFF9A000853B8 /* GenieVoyage.xcdatamodeld */,
			);
			path = GenieVoyage;
			sourceTree = "<group>";
		};
		D0D192EA2A6FFF9B000853B8 /* GenieVoyageTests */ = {
			isa = PBXGroup;
			children = (
				D0D192EB2A6FFF9B000853B8 /* GenieVoyageTests.swift */,
			);
			path = GenieVoyageTests;
			sourceTree = "<group>";
		};
		D0D192F42A6FFF9B000853B8 /* GenieVoyageUITests */ = {
			isa = PBXGroup;
			children = (
				D0D192F52A6FFF9B000853B8 /* GenieVoyageUITests.swift */,
				D0D192F72A6FFF9B000853B8 /* GenieVoyageUITestsLaunchTests.swift */,
			);
			path = GenieVoyageUITests;
			sourceTree = "<group>";
		};
		D0FC22682DE908AF0074C9AF /* for Delete???? */ = {
			isa = PBXGroup;
			children = (
				D06C7F1D2DBAC2D700402EA0 /* MainTabBarController.swift */,
				D0D193072A71AC36000853B8 /* EKWrapper.swift */,
				D06C7F252DBCF32D00402EA0 /* PointViewController.swift */,
				D06C7F232DBC1E4100402EA0 /* CheckListViewController.swift */,
				D06C7F212DBC19CC00402EA0 /* CustomTabBar.swift */,
				D03D086A2D08C14F009F8E63 /* MapLocationViewController.swift */,
				D026365D2D84AE0D0070D28C /* SegmentCell.swift */,
				D03D08642D0730CE009F8E63 /* PlanDayDetailViewController.swift */,
				D0D192D52A6FFF9A000853B8 /* CalendarViewController.swift */,
				D03D08682D08544D009F8E63 /* EventViewController.swift */,
				D03D08662D074316009F8E63 /* ItineraryCell.swift */,
				D0365DF82CFDC76F00D711A9 /* CalculateDistance.swift */,
			);
			path = "for Delete????";
			sourceTree = "<group>";
		};
		D0FC22702DF75FF60074C9AF /* Modules */ = {
			isa = PBXGroup;
			children = (
				D0FC22752DF761060074C9AF /* Trip */,
			);
			path = Modules;
			sourceTree = "<group>";
		};
		D0FC22712DF760180074C9AF /* Coordinators */ = {
			isa = PBXGroup;
			children = (
				D0EBF10E2E585ADC002C76CD /* AppCoordinator.swift */,
				D0FC22742DF760A70074C9AF /* MainCoordinator */,
			);
			path = Coordinators;
			sourceTree = "<group>";
		};
		D0FC22722DF7606B0074C9AF /* Trip */ = {
			isa = PBXGroup;
			children = (
				D0FC22772DF7641B0074C9AF /* TripCoordinator.swift */,
				D0FC22812DF77A300074C9AF /* EventCoordinator.swift */,
			);
			path = Trip;
			sourceTree = "<group>";
		};
		D0FC22732DF760A10074C9AF /* TripListCoordinator */ = {
			isa = PBXGroup;
			children = (
				D0FC227D2DF765850074C9AF /* TripListCoordinator.swift */,
				D0FC22722DF7606B0074C9AF /* Trip */,
			);
			path = TripListCoordinator;
			sourceTree = "<group>";
		};
		D0FC22742DF760A70074C9AF /* MainCoordinator */ = {
			isa = PBXGroup;
			children = (
				D0FC227B2DF764EA0074C9AF /* ProtocolCoordinator.swift */,
				D0FC22792DF764AC0074C9AF /* MainCoordinator.swift */,
				D0A39AA62DFCBDD1007F3F9A /* SettingsCoordinator.swift */,
				D0A39AA82DFCBE37007F3F9A /* MapCoordinator.swift */,
				D0FC22732DF760A10074C9AF /* TripListCoordinator */,
			);
			path = MainCoordinator;
			sourceTree = "<group>";
		};
		D0FC22752DF761060074C9AF /* Trip */ = {
			isa = PBXGroup;
			children = (
				D06C7F162DB26B8700402EA0 /* View */,
				D06C7F172DB26BB400402EA0 /* ViewModel */,
				D06C7F182DB26BCC00402EA0 /* Model */,
			);
			path = Trip;
			sourceTree = "<group>";
		};
		D0FC22762DF762F70074C9AF /* Resources */ = {
			isa = PBXGroup;
			children = (
				D0D192DD2A6FFF9B000853B8 /* Assets.xcassets */,
			);
			path = Resources;
			sourceTree = "<group>";
		};
/* End PBXGroup section */

/* Begin PBXNativeTarget section */
		D0D192CD2A6FFF9A000853B8 /* GenieVoyage */ = {
			isa = PBXNativeTarget;
			buildConfigurationList = D0D192FB2A6FFF9B000853B8 /* Build configuration list for PBXNativeTarget "GenieVoyage" */;
			buildPhases = (
				FF669B1A667A4F663D15C543 /* [CP] Check Pods Manifest.lock */,
				D0D192CA2A6FFF9A000853B8 /* Sources */,
				D0D192CB2A6FFF9A000853B8 /* Frameworks */,
				D0D192CC2A6FFF9A000853B8 /* Resources */,
				D0605DFA2D3FF24C00465BD2 /* Embed Frameworks */,
			);
			buildRules = (
			);
			dependencies = (
			);
			name = GenieVoyage;
			packageProductDependencies = (
				D0D193052A705F28000853B8 /* CalendarKit */,
			);
			productName = GenieVoyage;
			productReference = D0D192CE2A6FFF9A000853B8 /* GenieVoyage.app */;
			productType = "com.apple.product-type.application";
		};
		D0D192E62A6FFF9B000853B8 /* GenieVoyageTests */ = {
			isa = PBXNativeTarget;
			buildConfigurationList = D0D192FE2A6FFF9B000853B8 /* Build configuration list for PBXNativeTarget "GenieVoyageTests" */;
			buildPhases = (
				8A5B39F4EF264FEA7AF8B864 /* [CP] Check Pods Manifest.lock */,
				D0D192E32A6FFF9B000853B8 /* Sources */,
				D0D192E42A6FFF9B000853B8 /* Frameworks */,
				D0D192E52A6FFF9B000853B8 /* Resources */,
			);
			buildRules = (
			);
			dependencies = (
				D0D192E92A6FFF9B000853B8 /* PBXTargetDependency */,
			);
			name = GenieVoyageTests;
			productName = GenieVoyageTests;
			productReference = D0D192E72A6FFF9B000853B8 /* GenieVoyageTests.xctest */;
			productType = "com.apple.product-type.bundle.unit-test";
		};
		D0D192F02A6FFF9B000853B8 /* GenieVoyageUITests */ = {
			isa = PBXNativeTarget;
			buildConfigurationList = D0D193012A6FFF9B000853B8 /* Build configuration list for PBXNativeTarget "GenieVoyageUITests" */;
			buildPhases = (
				54DF311B17387453174FC2ED /* [CP] Check Pods Manifest.lock */,
				D0D192ED2A6FFF9B000853B8 /* Sources */,
				D0D192EE2A6FFF9B000853B8 /* Frameworks */,
				D0D192EF2A6FFF9B000853B8 /* Resources */,
			);
			buildRules = (
			);
			dependencies = (
				D0D192F32A6FFF9B000853B8 /* PBXTargetDependency */,
			);
			name = GenieVoyageUITests;
			productName = GenieVoyageUITests;
			productReference = D0D192F12A6FFF9B000853B8 /* GenieVoyageUITests.xctest */;
			productType = "com.apple.product-type.bundle.ui-testing";
		};
/* End PBXNativeTarget section */

/* Begin PBXProject section */
		D0D192C62A6FFF9A000853B8 /* Project object */ = {
			isa = PBXProject;
			attributes = {
				BuildIndependentTargetsInParallel = 1;
				LastSwiftUpdateCheck = 1430;
				LastUpgradeCheck = 1610;
				TargetAttributes = {
					D0D192CD2A6FFF9A000853B8 = {
						CreatedOnToolsVersion = 14.3.1;
					};
					D0D192E62A6FFF9B000853B8 = {
						CreatedOnToolsVersion = 14.3.1;
						TestTargetID = D0D192CD2A6FFF9A000853B8;
					};
					D0D192F02A6FFF9B000853B8 = {
						CreatedOnToolsVersion = 14.3.1;
						TestTargetID = D0D192CD2A6FFF9A000853B8;
					};
				};
			};
			buildConfigurationList = D0D192C92A6FFF9A000853B8 /* Build configuration list for PBXProject "GenieVoyage" */;
			compatibilityVersion = "Xcode 14.0";
			developmentRegion = en;
			hasScannedForEncodings = 0;
			knownRegions = (
				en,
				Base,
			);
			mainGroup = D0D192C52A6FFF9A000853B8;
			packageReferences = (
				D0D193042A705F28000853B8 /* XCRemoteSwiftPackageReference "CalendarKit" */,
			);
			productRefGroup = D0D192CF2A6FFF9A000853B8 /* Products */;
			projectDirPath = "";
			projectRoot = "";
			targets = (
				D0D192CD2A6FFF9A000853B8 /* GenieVoyage */,
				D0D192E62A6FFF9B000853B8 /* GenieVoyageTests */,
				D0D192F02A6FFF9B000853B8 /* GenieVoyageUITests */,
			);
		};
/* End PBXProject section */

/* Begin PBXResourcesBuildPhase section */
		D0D192CC2A6FFF9A000853B8 /* Resources */ = {
			isa = PBXResourcesBuildPhase;
			buildActionMask = 2147483647;
			files = (
				D0D192E12A6FFF9B000853B8 /* LaunchScreen.storyboard in Resources */,
				D0D192DE2A6FFF9B000853B8 /* Assets.xcassets in Resources */,
			);
			runOnlyForDeploymentPostprocessing = 0;
		};
		D0D192E52A6FFF9B000853B8 /* Resources */ = {
			isa = PBXResourcesBuildPhase;
			buildActionMask = 2147483647;
			files = (
			);
			runOnlyForDeploymentPostprocessing = 0;
		};
		D0D192EF2A6FFF9B000853B8 /* Resources */ = {
			isa = PBXResourcesBuildPhase;
			buildActionMask = 2147483647;
			files = (
			);
			runOnlyForDeploymentPostprocessing = 0;
		};
/* End PBXResourcesBuildPhase section */

/* Begin PBXShellScriptBuildPhase section */
		54DF311B17387453174FC2ED /* [CP] Check Pods Manifest.lock */ = {
			isa = PBXShellScriptBuildPhase;
			buildActionMask = 2147483647;
			files = (
			);
			inputFileListPaths = (
			);
			inputPaths = (
				"${PODS_PODFILE_DIR_PATH}/Podfile.lock",
				"${PODS_ROOT}/Manifest.lock",
			);
			name = "[CP] Check Pods Manifest.lock";
			outputFileListPaths = (
			);
			outputPaths = (
				"$(DERIVED_FILE_DIR)/Pods-GenieVoyage-GenieVoyageUITests-checkManifestLockResult.txt",
			);
			runOnlyForDeploymentPostprocessing = 0;
			shellPath = /bin/sh;
			shellScript = "diff \"${PODS_PODFILE_DIR_PATH}/Podfile.lock\" \"${PODS_ROOT}/Manifest.lock\" > /dev/null\nif [ $? != 0 ] ; then\n    # print error to STDERR\n    echo \"error: The sandbox is not in sync with the Podfile.lock. Run 'pod install' or update your CocoaPods installation.\" >&2\n    exit 1\nfi\n# This output is used by Xcode 'outputs' to avoid re-running this script phase.\necho \"SUCCESS\" > \"${SCRIPT_OUTPUT_FILE_0}\"\n";
			showEnvVarsInLog = 0;
		};
		8A5B39F4EF264FEA7AF8B864 /* [CP] Check Pods Manifest.lock */ = {
			isa = PBXShellScriptBuildPhase;
			buildActionMask = 2147483647;
			files = (
			);
			inputFileListPaths = (
			);
			inputPaths = (
				"${PODS_PODFILE_DIR_PATH}/Podfile.lock",
				"${PODS_ROOT}/Manifest.lock",
			);
			name = "[CP] Check Pods Manifest.lock";
			outputFileListPaths = (
			);
			outputPaths = (
				"$(DERIVED_FILE_DIR)/Pods-GenieVoyageTests-checkManifestLockResult.txt",
			);
			runOnlyForDeploymentPostprocessing = 0;
			shellPath = /bin/sh;
			shellScript = "diff \"${PODS_PODFILE_DIR_PATH}/Podfile.lock\" \"${PODS_ROOT}/Manifest.lock\" > /dev/null\nif [ $? != 0 ] ; then\n    # print error to STDERR\n    echo \"error: The sandbox is not in sync with the Podfile.lock. Run 'pod install' or update your CocoaPods installation.\" >&2\n    exit 1\nfi\n# This output is used by Xcode 'outputs' to avoid re-running this script phase.\necho \"SUCCESS\" > \"${SCRIPT_OUTPUT_FILE_0}\"\n";
			showEnvVarsInLog = 0;
		};
		FF669B1A667A4F663D15C543 /* [CP] Check Pods Manifest.lock */ = {
			isa = PBXShellScriptBuildPhase;
			buildActionMask = 2147483647;
			files = (
			);
			inputFileListPaths = (
			);
			inputPaths = (
				"${PODS_PODFILE_DIR_PATH}/Podfile.lock",
				"${PODS_ROOT}/Manifest.lock",
			);
			name = "[CP] Check Pods Manifest.lock";
			outputFileListPaths = (
			);
			outputPaths = (
				"$(DERIVED_FILE_DIR)/Pods-GenieVoyage-checkManifestLockResult.txt",
			);
			runOnlyForDeploymentPostprocessing = 0;
			shellPath = /bin/sh;
			shellScript = "diff \"${PODS_PODFILE_DIR_PATH}/Podfile.lock\" \"${PODS_ROOT}/Manifest.lock\" > /dev/null\nif [ $? != 0 ] ; then\n    # print error to STDERR\n    echo \"error: The sandbox is not in sync with the Podfile.lock. Run 'pod install' or update your CocoaPods installation.\" >&2\n    exit 1\nfi\n# This output is used by Xcode 'outputs' to avoid re-running this script phase.\necho \"SUCCESS\" > \"${SCRIPT_OUTPUT_FILE_0}\"\n";
			showEnvVarsInLog = 0;
		};
/* End PBXShellScriptBuildPhase section */

/* Begin PBXSourcesBuildPhase section */
		D0D192CA2A6FFF9A000853B8 /* Sources */ = {
			isa = PBXSourcesBuildPhase;
			buildActionMask = 2147483647;
			files = (
				D023B2F62E358530009B382C /* MyTripCell.swift in Sources */,
				D0D192D62A6FFF9A000853B8 /* CalendarViewController.swift in Sources */,
				D0FC22882DFA13BD0074C9AF /* TripViewControllerDelegate.swift in Sources */,
				D0FC22612DE8ABD90074C9AF /* HotelEditorViewModel.swift in Sources */,
				D0365DF92CFDC76F00D711A9 /* CalculateDistance.swift in Sources */,
				D04945B52D3A46FA00232F26 /* EventModel.swift in Sources */,
				D0EBF10F2E585ADC002C76CD /* AppCoordinator.swift in Sources */,
				D07B678A2D2C6D8000842293 /* StartPlanningViewController.swift in Sources */,
				D0FC226A2DEA406A0074C9AF /* MapEventsViewController.swift in Sources */,
				D0010B2C2B12A24200BAEC46 /* Extension.swift in Sources */,
				D0A39AA92DFCBE37007F3F9A /* MapCoordinator.swift in Sources */,
				D06C7F392DE7ABC300402EA0 /* EventEditorViewController.swift in Sources */,
				D06C7F202DBAC3CD00402EA0 /* SignInViewController.swift in Sources */,
				D0EBF10D2E5121E2002C76CD /* Mapping.swift in Sources */,
				D0FC22652DE8AC430074C9AF /* TransportEditorViewModel.swift in Sources */,
				D06C7F2C2DE6197600402EA0 /* Constants.swift in Sources */,
				D023B30F2E414FBE009B382C /* TripDate.swift in Sources */,
				D0FC22822DF77A300074C9AF /* EventCoordinator.swift in Sources */,
				D023B30D2E3FFD63009B382C /* CoreDataTripStorage.swift in Sources */,
				D06C7F1B2DB26C2600402EA0 /* DayCellDelegate.swift in Sources */,
				D03D08692D08544D009F8E63 /* EventViewController.swift in Sources */,
				D023B2F42E3584FB009B382C /* TemplateCell.swift in Sources */,
				D0B5ADD52E20669C009A74A5 /* ProfileViewController.swift in Sources */,
				D0B5ADD32E1C6542009A74A5 /* TransportSegmentControl.swift in Sources */,
				D04945B32D3A451B00232F26 /* EventCollectionViewCell.swift in Sources */,
				D06C7F372DE7AB3B00402EA0 /* EventEditorFactory.swift in Sources */,
				D023B3112E415854009B382C /* TripListViewModel.swift in Sources */,
				D06C7F342DE7AACC00402EA0 /* PointEventEditorViewModel.swift in Sources */,
				D0D192D22A6FFF9A000853B8 /* AppDelegate.swift in Sources */,
				D0D192D42A6FFF9A000853B8 /* SceneDelegate.swift in Sources */,
				D026365C2D84ADBB0070D28C /* SegmentedControlView.swift in Sources */,
				D05D92E62D4B8CB10022C734 /* DayCollectionViewCell.swift in Sources */,
				D023B2FA2E3585BF009B382C /* TripTemplate.swift in Sources */,
				D026365E2D84AE0D0070D28C /* SegmentCell.swift in Sources */,
				D06C7F2A2DE24BA600402EA0 /* EventView.swift in Sources */,
				D06C7F262DBCF32D00402EA0 /* PointViewController.swift in Sources */,
				D03D086B2D08C14F009F8E63 /* MapLocationViewController.swift in Sources */,
				D0B0E1B72F32131A000A390B /* ImageStorageProtocol.swift in Sources */,
				D023B3092E3FD422009B382C /* CoreDataManager.swift in Sources */,
				D06C7F222DBC19CC00402EA0 /* CustomTabBar.swift in Sources */,
				D0FC227C2DF764EA0074C9AF /* ProtocolCoordinator.swift in Sources */,
				D043B43D2CFF6DDE00151ED0 /* TripViewController.swift in Sources */,
				D03D08652D0730CE009F8E63 /* PlanDayDetailViewController.swift in Sources */,
				D06C7F242DBC1E4100402EA0 /* CheckListViewController.swift in Sources */,
				D0FC226C2DF2EFC40074C9AF /* DayTabCell.swift in Sources */,
				D0D192DC2A6FFF9A000853B8 /* GenieVoyage.xcdatamodeld in Sources */,
				D0FC227E2DF765850074C9AF /* TripListCoordinator.swift in Sources */,
				D0FC22802DF7662A0074C9AF /* TripListViewController.swift in Sources */,
				D06C7F322DE7A9C000402EA0 /* EventEditorConfigurable.swift in Sources */,
				D0A39AAB2E035FD2007F3F9A /* TabBarControlling.swift in Sources */,
				D0FC22672DE8AC720074C9AF /* FoodEditorViewModel.swift in Sources */,
				D0FC225F2DE7AF6F0074C9AF /* PointEventEditorView.swift in Sources */,
				D03D08672D074316009F8E63 /* ItineraryCell.swift in Sources */,
				D06C7F1E2DBAC2E500402EA0 /* MainTabBarController.swift in Sources */,
				D0D193082A71AC36000853B8 /* EKWrapper.swift in Sources */,
				D023B2F82E35858C009B382C /* HeaderView.swift in Sources */,
				D023B30B2E3FFD38009B382C /* TripStorage.swift in Sources */,
				D0365DF12CFA6BEA00D711A9 /* TripModel.swift in Sources */,
				D0FC22782DF7641B0074C9AF /* TripCoordinator.swift in Sources */,
				D04945B92D3EB26900232F26 /* TripViewModel.swift in Sources */,
				D0A39AA72DFCBDD1007F3F9A /* SettingsCoordinator.swift in Sources */,
				D0D9590F2D9FC36A00B4B327 /* DayViewModel.swift in Sources */,
				D0FC227A2DF764AC0074C9AF /* MainCoordinator.swift in Sources */,
				D0FC22632DE8AC090074C9AF /* TransferEditorViewModel.swift in Sources */,
			);
			runOnlyForDeploymentPostprocessing = 0;
		};
		D0D192E32A6FFF9B000853B8 /* Sources */ = {
			isa = PBXSourcesBuildPhase;
			buildActionMask = 2147483647;
			files = (
				D0D192EC2A6FFF9B000853B8 /* GenieVoyageTests.swift in Sources */,
			);
			runOnlyForDeploymentPostprocessing = 0;
		};
		D0D192ED2A6FFF9B000853B8 /* Sources */ = {
			isa = PBXSourcesBuildPhase;
			buildActionMask = 2147483647;
			files = (
				D0D192F82A6FFF9B000853B8 /* GenieVoyageUITestsLaunchTests.swift in Sources */,
				D0D192F62A6FFF9B000853B8 /* GenieVoyageUITests.swift in Sources */,
			);
			runOnlyForDeploymentPostprocessing = 0;
		};
/* End PBXSourcesBuildPhase section */

/* Begin PBXTargetDependency section */
		D0D192E92A6FFF9B000853B8 /* PBXTargetDependency */ = {
			isa = PBXTargetDependency;
			target = D0D192CD2A6FFF9A000853B8 /* GenieVoyage */;
			targetProxy = D0D192E82A6FFF9B000853B8 /* PBXContainerItemProxy */;
		};
		D0D192F32A6FFF9B000853B8 /* PBXTargetDependency */ = {
			isa = PBXTargetDependency;
			target = D0D192CD2A6FFF9A000853B8 /* GenieVoyage */;
			targetProxy = D0D192F22A6FFF9B000853B8 /* PBXContainerItemProxy */;
		};
/* End PBXTargetDependency section */

/* Begin PBXVariantGroup section */
		D0D192DF2A6FFF9B000853B8 /* LaunchScreen.storyboard */ = {
			isa = PBXVariantGroup;
			children = (
				D0D192E02A6FFF9B000853B8 /* Base */,
			);
			name = LaunchScreen.storyboard;
			sourceTree = "<group>";
		};
/* End PBXVariantGroup section */

/* Begin XCBuildConfiguration section */
		D0D192F92A6FFF9B000853B8 /* Debug */ = {
			isa = XCBuildConfiguration;
			buildSettings = {
				ALWAYS_SEARCH_USER_PATHS = NO;
				CLANG_ANALYZER_NONNULL = YES;
				CLANG_ANALYZER_NUMBER_OBJECT_CONVERSION = YES_AGGRESSIVE;
				CLANG_CXX_LANGUAGE_STANDARD = "gnu++20";
				CLANG_ENABLE_MODULES = YES;
				CLANG_ENABLE_OBJC_ARC = YES;
				CLANG_ENABLE_OBJC_WEAK = YES;
				CLANG_WARN_BLOCK_CAPTURE_AUTORELEASING = YES;
				CLANG_WARN_BOOL_CONVERSION = YES;
				CLANG_WARN_COMMA = YES;
				CLANG_WARN_CONSTANT_CONVERSION = YES;
				CLANG_WARN_DEPRECATED_OBJC_IMPLEMENTATIONS = YES;
				CLANG_WARN_DIRECT_OBJC_ISA_USAGE = YES_ERROR;
				CLANG_WARN_DOCUMENTATION_COMMENTS = YES;
				CLANG_WARN_EMPTY_BODY = YES;
				CLANG_WARN_ENUM_CONVERSION = YES;
				CLANG_WARN_INFINITE_RECURSION = YES;
				CLANG_WARN_INT_CONVERSION = YES;
				CLANG_WARN_NON_LITERAL_NULL_CONVERSION = YES;
				CLANG_WARN_OBJC_IMPLICIT_RETAIN_SELF = YES;
				CLANG_WARN_OBJC_LITERAL_CONVERSION = YES;
				CLANG_WARN_OBJC_ROOT_CLASS = YES_ERROR;
				CLANG_WARN_QUOTED_INCLUDE_IN_FRAMEWORK_HEADER = YES;
				CLANG_WARN_RANGE_LOOP_ANALYSIS = YES;
				CLANG_WARN_STRICT_PROTOTYPES = YES;
				CLANG_WARN_SUSPICIOUS_MOVE = YES;
				CLANG_WARN_UNGUARDED_AVAILABILITY = YES_AGGRESSIVE;
				CLANG_WARN_UNREACHABLE_CODE = YES;
				CLANG_WARN__DUPLICATE_METHOD_MATCH = YES;
				COPY_PHASE_STRIP = NO;
				DEBUG_INFORMATION_FORMAT = dwarf;
				ENABLE_STRICT_OBJC_MSGSEND = YES;
				ENABLE_TESTABILITY = YES;
				ENABLE_USER_SCRIPT_SANDBOXING = YES;
				GCC_C_LANGUAGE_STANDARD = gnu11;
				GCC_DYNAMIC_NO_PIC = NO;
				GCC_NO_COMMON_BLOCKS = YES;
				GCC_OPTIMIZATION_LEVEL = 0;
				GCC_PREPROCESSOR_DEFINITIONS = (
					"DEBUG=1",
					"$(inherited)",
				);
				GCC_WARN_64_TO_32_BIT_CONVERSION = YES;
				GCC_WARN_ABOUT_RETURN_TYPE = YES_ERROR;
				GCC_WARN_UNDECLARED_SELECTOR = YES;
				GCC_WARN_UNINITIALIZED_AUTOS = YES_AGGRESSIVE;
				GCC_WARN_UNUSED_FUNCTION = YES;
				GCC_WARN_UNUSED_VARIABLE = YES;
				IPHONEOS_DEPLOYMENT_TARGET = 16.4;
				MTL_ENABLE_DEBUG_INFO = INCLUDE_SOURCE;
				MTL_FAST_MATH = YES;
				ONLY_ACTIVE_ARCH = YES;
				SDKROOT = iphoneos;
				SWIFT_ACTIVE_COMPILATION_CONDITIONS = DEBUG;
				SWIFT_OPTIMIZATION_LEVEL = "-Onone";
			};
			name = Debug;
		};
		D0D192FA2A6FFF9B000853B8 /* Release */ = {
			isa = XCBuildConfiguration;
			buildSettings = {
				ALWAYS_SEARCH_USER_PATHS = NO;
				CLANG_ANALYZER_NONNULL = YES;
				CLANG_ANALYZER_NUMBER_OBJECT_CONVERSION = YES_AGGRESSIVE;
				CLANG_CXX_LANGUAGE_STANDARD = "gnu++20";
				CLANG_ENABLE_MODULES = YES;
				CLANG_ENABLE_OBJC_ARC = YES;
				CLANG_ENABLE_OBJC_WEAK = YES;
				CLANG_WARN_BLOCK_CAPTURE_AUTORELEASING = YES;
				CLANG_WARN_BOOL_CONVERSION = YES;
				CLANG_WARN_COMMA = YES;
				CLANG_WARN_CONSTANT_CONVERSION = YES;
				CLANG_WARN_DEPRECATED_OBJC_IMPLEMENTATIONS = YES;
				CLANG_WARN_DIRECT_OBJC_ISA_USAGE = YES_ERROR;
				CLANG_WARN_DOCUMENTATION_COMMENTS = YES;
				CLANG_WARN_EMPTY_BODY = YES;
				CLANG_WARN_ENUM_CONVERSION = YES;
				CLANG_WARN_INFINITE_RECURSION = YES;
				CLANG_WARN_INT_CONVERSION = YES;
				CLANG_WARN_NON_LITERAL_NULL_CONVERSION = YES;
				CLANG_WARN_OBJC_IMPLICIT_RETAIN_SELF = YES;
				CLANG_WARN_OBJC_LITERAL_CONVERSION = YES;
				CLANG_WARN_OBJC_ROOT_CLASS = YES_ERROR;
				CLANG_WARN_QUOTED_INCLUDE_IN_FRAMEWORK_HEADER = YES;
				CLANG_WARN_RANGE_LOOP_ANALYSIS = YES;
				CLANG_WARN_STRICT_PROTOTYPES = YES;
				CLANG_WARN_SUSPICIOUS_MOVE = YES;
				CLANG_WARN_UNGUARDED_AVAILABILITY = YES_AGGRESSIVE;
				CLANG_WARN_UNREACHABLE_CODE = YES;
				CLANG_WARN__DUPLICATE_METHOD_MATCH = YES;
				COPY_PHASE_STRIP = NO;
				DEBUG_INFORMATION_FORMAT = "dwarf-with-dsym";
				ENABLE_NS_ASSERTIONS = NO;
				ENABLE_STRICT_OBJC_MSGSEND = YES;
				ENABLE_USER_SCRIPT_SANDBOXING = YES;
				GCC_C_LANGUAGE_STANDARD = gnu11;
				GCC_NO_COMMON_BLOCKS = YES;
				GCC_WARN_64_TO_32_BIT_CONVERSION = YES;
				GCC_WARN_ABOUT_RETURN_TYPE = YES_ERROR;
				GCC_WARN_UNDECLARED_SELECTOR = YES;
				GCC_WARN_UNINITIALIZED_AUTOS = YES_AGGRESSIVE;
				GCC_WARN_UNUSED_FUNCTION = YES;
				GCC_WARN_UNUSED_VARIABLE = YES;
				IPHONEOS_DEPLOYMENT_TARGET = 16.4;
				MTL_ENABLE_DEBUG_INFO = NO;
				MTL_FAST_MATH = YES;
				SDKROOT = iphoneos;
				SWIFT_COMPILATION_MODE = wholemodule;
				SWIFT_OPTIMIZATION_LEVEL = "-O";
				VALIDATE_PRODUCT = YES;
			};
			name = Release;
		};
		D0D192FC2A6FFF9B000853B8 /* Debug */ = {
			isa = XCBuildConfiguration;
			baseConfigurationReference = 32104B72A2BA1DFEB2B7E6DF /* Pods-GenieVoyage.debug.xcconfig */;
			buildSettings = {
				ASSETCATALOG_COMPILER_APPICON_NAME = AppIcon;
				ASSETCATALOG_COMPILER_GLOBAL_ACCENT_COLOR_NAME = AccentColor;
				CODE_SIGN_STYLE = Automatic;
				CURRENT_PROJECT_VERSION = 1;
				DEVELOPMENT_TEAM = 69VA5Q4WMV;
				GENERATE_INFOPLIST_FILE = YES;
				INFOPLIST_FILE = GenieVoyage/Info.plist;
				INFOPLIST_KEY_NSCalendarsUsageDescription = "The app needs access to the calendar to display events";
				INFOPLIST_KEY_NSPhotoLibraryUsageDescription = "We use your photo library to add photos to your trip.";
				INFOPLIST_KEY_UIApplicationSupportsIndirectInputEvents = YES;
				INFOPLIST_KEY_UILaunchStoryboardName = LaunchScreen;
				INFOPLIST_KEY_UISupportedInterfaceOrientations_iPad = "UIInterfaceOrientationPortrait UIInterfaceOrientationPortraitUpsideDown UIInterfaceOrientationLandscapeLeft UIInterfaceOrientationLandscapeRight";
				INFOPLIST_KEY_UISupportedInterfaceOrientations_iPhone = "UIInterfaceOrientationPortrait UIInterfaceOrientationLandscapeLeft UIInterfaceOrientationLandscapeRight";
				IPHONEOS_DEPLOYMENT_TARGET = 18.0;
				LD_RUNPATH_SEARCH_PATHS = (
					"$(inherited)",
					"@executable_path/Frameworks",
				);
				MARKETING_VERSION = 1.0;
				PRODUCT_BUNDLE_IDENTIFIER = "jeni4ka2003-ukr.net.GenieVoyage";
				PRODUCT_NAME = "$(TARGET_NAME)";
				SWIFT_EMIT_LOC_STRINGS = YES;
				SWIFT_VERSION = 5.0;
				TARGETED_DEVICE_FAMILY = "1,2";
			};
			name = Debug;
		};
		D0D192FD2A6FFF9B000853B8 /* Release */ = {
			isa = XCBuildConfiguration;
			baseConfigurationReference = 9987FB9B0F0ED0A38BD352E5 /* Pods-GenieVoyage.release.xcconfig */;
			buildSettings = {
				ASSETCATALOG_COMPILER_APPICON_NAME = AppIcon;
				ASSETCATALOG_COMPILER_GLOBAL_ACCENT_COLOR_NAME = AccentColor;
				CODE_SIGN_STYLE = Automatic;
				CURRENT_PROJECT_VERSION = 1;
				DEVELOPMENT_TEAM = 69VA5Q4WMV;
				GENERATE_INFOPLIST_FILE = YES;
				INFOPLIST_FILE = GenieVoyage/Info.plist;
				INFOPLIST_KEY_NSCalendarsUsageDescription = "The app needs access to the calendar to display events";
				INFOPLIST_KEY_NSPhotoLibraryUsageDescription = "We use your photo library to add photos to your trip.";
				INFOPLIST_KEY_UIApplicationSupportsIndirectInputEvents = YES;
				INFOPLIST_KEY_UILaunchStoryboardName = LaunchScreen;
				INFOPLIST_KEY_UISupportedInterfaceOrientations_iPad = "UIInterfaceOrientationPortrait UIInterfaceOrientationPortraitUpsideDown UIInterfaceOrientationLandscapeLeft UIInterfaceOrientationLandscapeRight";
				INFOPLIST_KEY_UISupportedInterfaceOrientations_iPhone = "UIInterfaceOrientationPortrait UIInterfaceOrientationLandscapeLeft UIInterfaceOrientationLandscapeRight";
				IPHONEOS_DEPLOYMENT_TARGET = 18.0;
				LD_RUNPATH_SEARCH_PATHS = (
					"$(inherited)",
					"@executable_path/Frameworks",
				);
				MARKETING_VERSION = 1.0;
				PRODUCT_BUNDLE_IDENTIFIER = "jeni4ka2003-ukr.net.GenieVoyage";
				PRODUCT_NAME = "$(TARGET_NAME)";
				SWIFT_EMIT_LOC_STRINGS = YES;
				SWIFT_VERSION = 5.0;
				TARGETED_DEVICE_FAMILY = "1,2";
			};
			name = Release;
		};
		D0D192FF2A6FFF9B000853B8 /* Debug */ = {
			isa = XCBuildConfiguration;
			baseConfigurationReference = 647488902534C3C8E7C82C6B /* Pods-GenieVoyageTests.debug.xcconfig */;
			buildSettings = {
				BUNDLE_LOADER = "$(TEST_HOST)";
				CODE_SIGN_STYLE = Automatic;
				CURRENT_PROJECT_VERSION = 1;
				GENERATE_INFOPLIST_FILE = YES;
				IPHONEOS_DEPLOYMENT_TARGET = 16.4;
				MARKETING_VERSION = 1.0;
				PRODUCT_BUNDLE_IDENTIFIER = "jeni4ka2003-ukr.net.GenieVoyageTests";
				PRODUCT_NAME = "$(TARGET_NAME)";
				SWIFT_EMIT_LOC_STRINGS = NO;
				SWIFT_VERSION = 5.0;
				TARGETED_DEVICE_FAMILY = "1,2";
				TEST_HOST = "$(BUILT_PRODUCTS_DIR)/GenieVoyage.app/$(BUNDLE_EXECUTABLE_FOLDER_PATH)/GenieVoyage";
			};
			name = Debug;
		};
		D0D193002A6FFF9B000853B8 /* Release */ = {
			isa = XCBuildConfiguration;
			baseConfigurationReference = EC48F7F4B016AF516F86CCCC /* Pods-GenieVoyageTests.release.xcconfig */;
			buildSettings = {
				BUNDLE_LOADER = "$(TEST_HOST)";
				CODE_SIGN_STYLE = Automatic;
				CURRENT_PROJECT_VERSION = 1;
				GENERATE_INFOPLIST_FILE = YES;
				IPHONEOS_DEPLOYMENT_TARGET = 16.4;
				MARKETING_VERSION = 1.0;
				PRODUCT_BUNDLE_IDENTIFIER = "jeni4ka2003-ukr.net.GenieVoyageTests";
				PRODUCT_NAME = "$(TARGET_NAME)";
				SWIFT_EMIT_LOC_STRINGS = NO;
				SWIFT_VERSION = 5.0;
				TARGETED_DEVICE_FAMILY = "1,2";
				TEST_HOST = "$(BUILT_PRODUCTS_DIR)/GenieVoyage.app/$(BUNDLE_EXECUTABLE_FOLDER_PATH)/GenieVoyage";
			};
			name = Release;
		};
		D0D193022A6FFF9B000853B8 /* Debug */ = {
			isa = XCBuildConfiguration;
			baseConfigurationReference = 1251502AC92FBF204C8D5ACA /* Pods-GenieVoyage-GenieVoyageUITests.debug.xcconfig */;
			buildSettings = {
				CODE_SIGN_STYLE = Automatic;
				CURRENT_PROJECT_VERSION = 1;
				GENERATE_INFOPLIST_FILE = YES;
				MARKETING_VERSION = 1.0;
				PRODUCT_BUNDLE_IDENTIFIER = "jeni4ka2003-ukr.net.GenieVoyageUITests";
				PRODUCT_NAME = "$(TARGET_NAME)";
				SWIFT_EMIT_LOC_STRINGS = NO;
				SWIFT_VERSION = 5.0;
				TARGETED_DEVICE_FAMILY = "1,2";
				TEST_TARGET_NAME = GenieVoyage;
			};
			name = Debug;
		};
		D0D193032A6FFF9B000853B8 /* Release */ = {
			isa = XCBuildConfiguration;
			baseConfigurationReference = 69210B0D74BC44CBED372FEB /* Pods-GenieVoyage-GenieVoyageUITests.release.xcconfig */;
			buildSettings = {
				CODE_SIGN_STYLE = Automatic;
				CURRENT_PROJECT_VERSION = 1;
				GENERATE_INFOPLIST_FILE = YES;
				MARKETING_VERSION = 1.0;
				PRODUCT_BUNDLE_IDENTIFIER = "jeni4ka2003-ukr.net.GenieVoyageUITests";
				PRODUCT_NAME = "$(TARGET_NAME)";
				SWIFT_EMIT_LOC_STRINGS = NO;
				SWIFT_VERSION = 5.0;
				TARGETED_DEVICE_FAMILY = "1,2";
				TEST_TARGET_NAME = GenieVoyage;
			};
			name = Release;
		};
/* End XCBuildConfiguration section */

/* Begin XCConfigurationList section */
		D0D192C92A6FFF9A000853B8 /* Build configuration list for PBXProject "GenieVoyage" */ = {
			isa = XCConfigurationList;
			buildConfigurations = (
				D0D192F92A6FFF9B000853B8 /* Debug */,
				D0D192FA2A6FFF9B000853B8 /* Release */,
			);
			defaultConfigurationIsVisible = 0;
			defaultConfigurationName = Release;
		};
		D0D192FB2A6FFF9B000853B8 /* Build configuration list for PBXNativeTarget "GenieVoyage" */ = {
			isa = XCConfigurationList;
			buildConfigurations = (
				D0D192FC2A6FFF9B000853B8 /* Debug */,
				D0D192FD2A6FFF9B000853B8 /* Release */,
			);
			defaultConfigurationIsVisible = 0;
			defaultConfigurationName = Release;
		};
		D0D192FE2A6FFF9B000853B8 /* Build configuration list for PBXNativeTarget "GenieVoyageTests" */ = {
			isa = XCConfigurationList;
			buildConfigurations = (
				D0D192FF2A6FFF9B000853B8 /* Debug */,
				D0D193002A6FFF9B000853B8 /* Release */,
			);
			defaultConfigurationIsVisible = 0;
			defaultConfigurationName = Release;
		};
		D0D193012A6FFF9B000853B8 /* Build configuration list for PBXNativeTarget "GenieVoyageUITests" */ = {
			isa = XCConfigurationList;
			buildConfigurations = (
				D0D193022A6FFF9B000853B8 /* Debug */,
				D0D193032A6FFF9B000853B8 /* Release */,
			);
			defaultConfigurationIsVisible = 0;
			defaultConfigurationName = Release;
		};
/* End XCConfigurationList section */

/* Begin XCRemoteSwiftPackageReference section */
		D0D193042A705F28000853B8 /* XCRemoteSwiftPackageReference "CalendarKit" */ = {
			isa = XCRemoteSwiftPackageReference;
			repositoryURL = "https://github.com/richardtop/CalendarKit.git";
			requirement = {
				kind = upToNextMajorVersion;
				minimumVersion = 1.0.0;
			};
		};
/* End XCRemoteSwiftPackageReference section */

/* Begin XCSwiftPackageProductDependency section */
		D0D193052A705F28000853B8 /* CalendarKit */ = {
			isa = XCSwiftPackageProductDependency;
			package = D0D193042A705F28000853B8 /* XCRemoteSwiftPackageReference "CalendarKit" */;
			productName = CalendarKit;
		};
/* End XCSwiftPackageProductDependency section */

/* Begin XCVersionGroup section */
		D0D192DA2A6FFF9A000853B8 /* GenieVoyage.xcdatamodeld */ = {
			isa = XCVersionGroup;
			children = (
				D0D192DB2A6FFF9A000853B8 /* GenieVoyage.xcdatamodel */,
			);
			currentVersion = D0D192DB2A6FFF9A000853B8 /* GenieVoyage.xcdatamodel */;
			path = GenieVoyage.xcdatamodeld;
			sourceTree = "<group>";
			versionGroupType = wrapper.xcdatamodel;
		};
/* End XCVersionGroup section */
	};
	rootObject = D0D192C62A6FFF9A000853B8 /* Project object */;
}
